
Microsoft Visual Studio Solution File, Format Version 12.00
# Visual Studio Version 16
VisualStudioVersion = 16.0.29311.281
MinimumVisualStudioVersion = 10.0.40219.1
Project("{FAE04EC0-301F-11D3-BF4B-00C04F79EFBC}") = "IniParse", "IniParse\IniParse.csproj", "{6148D430-151A-4BC1-A95B-DC5FE65BD6F6}"
EndProject
Global
	GlobalSection(SolutionConfigurationPlatforms) = preSolution
		Debug|Any CPU = Debug|Any CPU
		Release|Any CPU = Release|Any CPU
	EndGlobalSection
	GlobalSection(ProjectConfigurationPlatforms) = postSolution
		{6148D430-151A-4BC1-A95B-DC5FE65BD6F6}.Debug|Any CPU.ActiveCfg = Debug|Any CPU
		{6148D430-151A-4BC1-A95B-DC5FE65BD6F6}.Debug|Any CPU.Build.0 = Debug|Any CPU
		{6148D430-151A-4BC1-A95B-DC5FE65BD6F6}.Release|Any CPU.ActiveCfg = Release|Any CPU
		{6148D430-151A-4BC1-A95B-DC5FE65BD6F6}.Release|Any CPU.Build.0 = Release|Any CPU
	EndGlobalSection
	GlobalSection(SolutionProperties) = preSolution
		HideSolutionNode = FALSE
	EndGlobalSection
	GlobalSection(ExtensibilityGlobals) = postSolution
		SolutionGuid = {25363786-2F74-4AB3-85E9-7921F4310AE0}
	EndGlobalSection
EndGlobal
